
Microsoft Visual Studio Solution File, Format Version 12.00
# Visual Studio Version 16
VisualStudioVersion = 16.0.31424.327
MinimumVisualStudioVersion = 10.0.40219.1
Project("{FAE04EC0-301F-11D3-BF4B-00C04F79EFBC}") = "Bai2", "Bai2\Bai2.csproj", "{632159B7-E22D-4E54-8725-C50E5D5A8E96}"
EndProject
Global
	GlobalSection(SolutionConfigurationPlatforms) = preSolution
		Debug|Any CPU = Debug|Any CPU
		Release|Any CPU = Release|Any CPU
	EndGlobalSection
	GlobalSection(ProjectConfigurationPlatforms) = postSolution
		{632159B7-E22D-4E54-8725-C50E5D5A8E96}.Debug|Any CPU.ActiveCfg = Debug|Any CPU
		{632159B7-E22D-4E54-8725-C50E5D5A8E96}.Debug|Any CPU.Build.0 = Debug|Any CPU
		{632159B7-E22D-4E54-8725-C50E5D5A8E96}.Release|Any CPU.ActiveCfg = Release|Any CPU
		{632159B7-E22D-4E54-8725-C50E5D5A8E96}.Release|Any CPU.Build.0 = Release|Any CPU
	EndGlobalSection
	GlobalSection(SolutionProperties) = preSolution
		HideSolutionNode = FALSE
	EndGlobalSection
	GlobalSection(ExtensibilityGlobals) = postSolution
		SolutionGuid = {CC6D694C-0A5D-402A-957F-6AC8155631F3}
	EndGlobalSection
EndGlobal
